// !$*UTF8*$!
{
	archiveVersion = 1;
	classes = {
	};
	objectVersion = 48;
	objects = {

/* Begin PBXBuildFile section */
		E00FA6081FB0C12900443B5B /* AppDelegate.swift in Sources */ = {isa = PBXBuildFile; fileRef = E00FA6071FB0C12900443B5B /* AppDelegate.swift */; };
		E00FA60A1FB0C12900443B5B /* ViewController.swift in Sources */ = {isa = PBXBuildFile; fileRef = E00FA6091FB0C12900443B5B /* ViewController.swift */; };
		E00FA60D1FB0C12900443B5B /* Main.storyboard in Resources */ = {isa = PBXBuildFile; fileRef = E00FA60B1FB0C12900443B5B /* Main.storyboard */; };
		E00FA60F1FB0C12900443B5B /* Assets.xcassets in Resources */ = {isa = PBXBuildFile; fileRef = E00FA60E1FB0C12900443B5B /* Assets.xcassets */; };
		E00FA6121FB0C12900443B5B /* LaunchScreen.storyboard in Resources */ = {isa = PBXBuildFile; fileRef = E00FA6101FB0C12900443B5B /* LaunchScreen.storyboard */; };
		E00FA61A1FB0C20F00443B5B /* DetailViewController.swift in Sources */ = {isa = PBXBuildFile; fileRef = E00FA6191FB0C20F00443B5B /* DetailViewController.swift */; };
		E00FA61C1FB0C39A00443B5B /* TableViewCell.swift in Sources */ = {isa = PBXBuildFile; fileRef = E00FA61B1FB0C39A00443B5B /* TableViewCell.swift */; };
		E00FA61E1FB0C5EC00443B5B /* Animator.swift in Sources */ = {isa = PBXBuildFile; fileRef = E00FA61D1FB0C5EC00443B5B /* Animator.swift */; };
		E08EC05F1FB0E0D7006156AA /* SomeView.swift in Sources */ = {isa = PBXBuildFile; fileRef = E08EC05E1FB0E0D7006156AA /* SomeView.swift */; };
		E08EC0611FB0E10B006156AA /* UIView+Helpers.swift in Sources */ = {isa = PBXBuildFile; fileRef = E08EC0601FB0E10B006156AA /* UIView+Helpers.swift */; };
		E08EC0631FB0E12A006156AA /* SomeView.xib in Resources */ = {isa = PBXBuildFile; fileRef = E08EC0621FB0E12A006156AA /* SomeView.xib */; };
/* End PBXBuildFile section */

/* Begin PBXFileReference section */
		E00FA6041FB0C12900443B5B /* TransitionProtorype.app */ = {isa = PBXFileReference; explicitFileType = wrapper.application; includeInIndex = 0; path = TransitionProtorype.app; sourceTree = BUILT_PRODUCTS_DIR; };
		E00FA6071FB0C12900443B5B /* AppDelegate.swift */ = {isa = PBXFileReference; lastKnownFileType = sourcecode.swift; path = AppDelegate.swift; sourceTree = "<group>"; };
		E00FA6091FB0C12900443B5B /* ViewController.swift */ = {isa = PBXFileReference; lastKnownFileType = sourcecode.swift; path = ViewController.swift; sourceTree = "<group>"; };
		E00FA60C1FB0C12900443B5B /* Base */ = {isa = PBXFileReference; lastKnownFileType = file.storyboard; name = Base; path = Base.lproj/Main.storyboard; sourceTree = "<group>"; };
		E00FA60E1FB0C12900443B5B /* Assets.xcassets */ = {isa = PBXFileReference; lastKnownFileType = folder.assetcatalog; path = Assets.xcassets; sourceTree = "<group>"; };
		E00FA6111FB0C12900443B5B /* Base */ = {isa = PBXFileReference; lastKnownFileType = file.storyboard; name = Base; path = Base.lproj/LaunchScreen.storyboard; sourceTree = "<group>"; };
		E00FA6131FB0C12900443B5B /* Info.plist */ = {isa = PBXFileReference; lastKnownFileType = text.plist.xml; path = Info.plist; sourceTree = "<group>"; };
		E00FA6191FB0C20F00443B5B /* DetailViewController.swift */ = {isa = PBXFileReference; lastKnownFileType = sourcecode.swift; path = DetailViewController.swift; sourceTree = "<group>"; };
		E00FA61B1FB0C39A00443B5B /* TableViewCell.swift */ = {isa = PBXFileReference; lastKnownFileType = sourcecode.swift; path = TableViewCell.swift; sourceTree = "<group>"; };
		E00FA61D1FB0C5EC00443B5B /* Animator.swift */ = {isa = PBXFileReference; lastKnownFileType = sourcecode.swift; path = Animator.swift; sourceTree = "<group>"; };
		E08EC05E1FB0E0D7006156AA /* SomeView.swift */ = {isa = PBXFileReference; lastKnownFileType = sourcecode.swift; path = SomeView.swift; sourceTree = "<group>"; };
		E08EC0601FB0E10B006156AA /* UIView+Helpers.swift */ = {isa = PBXFileReference; lastKnownFileType = sourcecode.swift; path = "UIView+Helpers.swift"; sourceTree = "<group>"; };
		E08EC0621FB0E12A006156AA /* SomeView.xib */ = {isa = PBXFileReference; lastKnownFileType = file.xib; path = SomeView.xib; sourceTree = "<group>"; };
/* End PBXFileReference section */

/* Begin PBXFrameworksBuildPhase section */
		E00FA6011FB0C12900443B5B /* Frameworks */ = {
			isa = PBXFrameworksBuildPhase;
			buildActionMask = 2147483647;
			files = (
			);
			runOnlyForDeploymentPostprocessing = 0;
		};
/* End PBXFrameworksBuildPhase section */

/* Begin PBXGroup section */
		E00FA5FB1FB0C12900443B5B = {
			isa = PBXGroup;
			children = (
				E00FA6061FB0C12900443B5B /* TransitionProtorype */,
				E00FA6051FB0C12900443B5B /* Products */,
			);
			sourceTree = "<group>";
		};
		E00FA6051FB0C12900443B5B /* Products */ = {
			isa = PBXGroup;
			children = (
				E00FA6041FB0C12900443B5B /* TransitionProtorype.app */,
			);
			name = Products;
			sourceTree = "<group>";
		};
		E00FA6061FB0C12900443B5B /* TransitionProtorype */ = {
			isa = PBXGroup;
			children = (
				E00FA60B1FB0C12900443B5B /* Main.storyboard */,
				E0D9EAF41FB32A54008F5E35 /* Helpers */,
				E0D9EAF31FB32A48008F5E35 /* Animator */,
				E0D9EAF21FB32A31008F5E35 /* Views */,
				E0D9EAF11FB32A15008F5E35 /* Controllers */,
				E0D9EAEF1FB329FF008F5E35 /* SupportingFiles */,
			);
			path = TransitionProtorype;
			sourceTree = "<group>";
		};
		E0D9EAEF1FB329FF008F5E35 /* SupportingFiles */ = {
			isa = PBXGroup;
			children = (
				E00FA6071FB0C12900443B5B /* AppDelegate.swift */,
				E00FA60E1FB0C12900443B5B /* Assets.xcassets */,
				E00FA6101FB0C12900443B5B /* LaunchScreen.storyboard */,
				E00FA6131FB0C12900443B5B /* Info.plist */,
			);
			name = SupportingFiles;
			sourceTree = "<group>";
		};
		E0D9EAF11FB32A15008F5E35 /* Controllers */ = {
			isa = PBXGroup;
			children = (
				E00FA6091FB0C12900443B5B /* ViewController.swift */,
				E00FA6191FB0C20F00443B5B /* DetailViewController.swift */,
			);
			name = Controllers;
			sourceTree = "<group>";
		};
		E0D9EAF21FB32A31008F5E35 /* Views */ = {
			isa = PBXGroup;
			children = (
				E00FA61B1FB0C39A00443B5B /* TableViewCell.swift */,
				E08EC05E1FB0E0D7006156AA /* SomeView.swift */,
				E08EC0621FB0E12A006156AA /* SomeView.xib */,
			);
			name = Views;
			sourceTree = "<group>";
		};
		E0D9EAF31FB32A48008F5E35 /* Animator */ = {
			isa = PBXGroup;
			children = (
				E00FA61D1FB0C5EC00443B5B /* Animator.swift */,
			);
			name = Animator;
			sourceTree = "<group>";
		};
		E0D9EAF41FB32A54008F5E35 /* Helpers */ = {
			isa = PBXGroup;
			children = (
				E08EC0601FB0E10B006156AA /* UIView+Helpers.swift */,
			);
			name = Helpers;
			sourceTree = "<group>";
		};
/* End PBXGroup section */

/* Begin PBXNativeTarget section */
		E00FA6031FB0C12900443B5B /* TransitionProtorype */ = {
			isa = PBXNativeTarget;
			buildConfigurationList = E00FA6161FB0C12900443B5B /* Build configuration list for PBXNativeTarget "TransitionProtorype" */;
			buildPhases = (
				E00FA6001FB0C12900443B5B /* Sources */,
				E00FA6011FB0C12900443B5B /* Frameworks */,
				E00FA6021FB0C12900443B5B /* Resources */,
			);
			buildRules = (
			);
			dependencies = (
			);
			name = TransitionProtorype;
			productName = TransitionProtorype;
			productReference = E00FA6041FB0C12900443B5B /* TransitionProtorype.app */;
			productType = "com.apple.product-type.application";
		};
/* End PBXNativeTarget section */

/* Begin PBXProject section */
		E00FA5FC1FB0C12900443B5B /* Project object */ = {
			isa = PBXProject;
			attributes = {
				LastSwiftUpdateCheck = 0920;
				LastUpgradeCheck = 0920;
				ORGANIZATIONNAME = "Roman Ustiantcev";
				TargetAttributes = {
					E00FA6031FB0C12900443B5B = {
						CreatedOnToolsVersion = 9.2;
						ProvisioningStyle = Automatic;
					};
				};
			};
			buildConfigurationList = E00FA5FF1FB0C12900443B5B /* Build configuration list for PBXProject "TransitionProtorype" */;
			compatibilityVersion = "Xcode 8.0";
			developmentRegion = en;
			hasScannedForEncodings = 0;
			knownRegions = (
				en,
				Base,
			);
			mainGroup = E00FA5FB1FB0C12900443B5B;
			productRefGroup = E00FA6051FB0C12900443B5B /* Products */;
			projectDirPath = "";
			projectRoot = "";
			targets = (
				E00FA6031FB0C12900443B5B /* TransitionProtorype */,
			);
		};
/* End PBXProject section */

/* Begin PBXResourcesBuildPhase section */
		E00FA6021FB0C12900443B5B /* Resources */ = {
			isa = PBXResourcesBuildPhase;
			buildActionMask = 2147483647;
			files = (
				E08EC0631FB0E12A006156AA /* SomeView.xib in Resources */,
				E00FA6121FB0C12900443B5B /* LaunchScreen.storyboard in Resources */,
				E00FA60F1FB0C12900443B5B /* Assets.xcassets in Resources */,
				E00FA60D1FB0C12900443B5B /* Main.storyboard in Resources */,
			);
			runOnlyForDeploymentPostprocessing = 0;
		};
/* End PBXResourcesBuildPhase section */

/* Begin PBXSourcesBuildPhase section */
		E00FA6001FB0C12900443B5B /* Sources */ = {
			isa = PBXSourcesBuildPhase;
			buildActionMask = 2147483647;
			files = (
				E08EC0611FB0E10B006156AA /* UIView+Helpers.swift in Sources */,
				E00FA61E1FB0C5EC00443B5B /* Animator.swift in Sources */,
				E00FA61A1FB0C20F00443B5B /* DetailViewController.swift in Sources */,
				E08EC05F1FB0E0D7006156AA /* SomeView.swift in Sources */,
				E00FA61C1FB0C39A00443B5B /* TableViewCell.swift in Sources */,
				E00FA60A1FB0C12900443B5B /* ViewController.swift in Sources */,
				E00FA6081FB0C12900443B5B /* AppDelegate.swift in Sources */,
			);
			runOnlyForDeploymentPostprocessing = 0;
		};
/* End PBXSourcesBuildPhase section */

/* Begin PBXVariantGroup section */
		E00FA60B1FB0C12900443B5B /* Main.storyboard */ = {
			isa = PBXVariantGroup;
			children = (
				E00FA60C1FB0C12900443B5B /* Base */,
			);
			name = Main.storyboard;
			sourceTree = "<group>";
		};
		E00FA6101FB0C12900443B5B /* LaunchScreen.storyboard */ = {
			isa = PBXVariantGroup;
			children = (
				E00FA6111FB0C12900443B5B /* Base */,
			);
			name = LaunchScreen.storyboard;
			sourceTree = "<group>";
		};
/* End PBXVariantGroup section */

/* Begin XCBuildConfiguration section */
		E00FA6141FB0C12900443B5B /* Debug */ = {
			isa = XCBuildConfiguration;
			buildSettings = {
				ALWAYS_SEARCH_USER_PATHS = NO;
				CLANG_ANALYZER_NONNULL = YES;
				CLANG_ANALYZER_NUMBER_OBJECT_CONVERSION = YES_AGGRESSIVE;
				CLANG_CXX_LANGUAGE_STANDARD = "gnu++14";
				CLANG_CXX_LIBRARY = "libc++";
				CLANG_ENABLE_MODULES = YES;
				CLANG_ENABLE_OBJC_ARC = YES;
				CLANG_WARN_BLOCK_CAPTURE_AUTORELEASING = YES;
				CLANG_WARN_BOOL_CONVERSION = YES;
				CLANG_WARN_COMMA = YES;
				CLANG_WARN_CONSTANT_CONVERSION = YES;
				CLANG_WARN_DIRECT_OBJC_ISA_USAGE = YES_ERROR;
				CLANG_WARN_DOCUMENTATION_COMMENTS = YES;
				CLANG_WARN_EMPTY_BODY = YES;
				CLANG_WARN_ENUM_CONVERSION = YES;
				CLANG_WARN_INFINITE_RECURSION = YES;
				CLANG_WARN_INT_CONVERSION = YES;
				CLANG_WARN_NON_LITERAL_NULL_CONVERSION = YES;
				CLANG_WARN_OBJC_LITERAL_CONVERSION = YES;
				CLANG_WARN_OBJC_ROOT_CLASS = YES_ERROR;
				CLANG_WARN_RANGE_LOOP_ANALYSIS = YES;
				CLANG_WARN_STRICT_PROTOTYPES = YES;
				CLANG_WARN_SUSPICIOUS_MOVE = YES;
				CLANG_WARN_UNGUARDED_AVAILABILITY = YES_AGGRESSIVE;
				CLANG_WARN_UNREACHABLE_CODE = YES;
				CLANG_WARN__DUPLICATE_METHOD_MATCH = YES;
				CODE_SIGN_IDENTITY = "iPhone Developer";
				COPY_PHASE_STRIP = NO;
				DEBUG_INFORMATION_FORMAT = dwarf;
				ENABLE_STRICT_OBJC_MSGSEND = YES;
				ENABLE_TESTABILITY = YES;
				GCC_C_LANGUAGE_STANDARD = gnu11;
				GCC_DYNAMIC_NO_PIC = NO;
				GCC_NO_COMMON_BLOCKS = YES;
				GCC_OPTIMIZATION_LEVEL = 0;
				GCC_PREPROCESSOR_DEFINITIONS = (
					"DEBUG=1",
					"$(inherited)",
				);
				GCC_WARN_64_TO_32_BIT_CONVERSION = YES;
				GCC_WARN_ABOUT_RETURN_TYPE = YES_ERROR;
				GCC_WARN_UNDECLARED_SELECTOR = YES;
				GCC_WARN_UNINITIALIZED_AUTOS = YES_AGGRESSIVE;
				GCC_WARN_UNUSED_FUNCTION = YES;
				GCC_WARN_UNUSED_VARIABLE = YES;
				IPHONEOS_DEPLOYMENT_TARGET = 11.2;
				MTL_ENABLE_DEBUG_INFO = YES;
				ONLY_ACTIVE_ARCH = YES;
				SDKROOT = iphoneos;
				SWIFT_ACTIVE_COMPILATION_CONDITIONS = DEBUG;
				SWIFT_OPTIMIZATION_LEVEL = "-Onone";
			};
			name = Debug;
		};
		E00FA6151FB0C12900443B5B /* Release */ = {
			isa = XCBuildConfiguration;
			buildSettings = {
				ALWAYS_SEARCH_USER_PATHS = NO;
				CLANG_ANALYZER_NONNULL = YES;
				CLANG_ANALYZER_NUMBER_OBJECT_CONVERSION = YES_AGGRESSIVE;
				CLANG_CXX_LANGUAGE_STANDARD = "gnu++14";
				CLANG_CXX_LIBRARY = "libc++";
				CLANG_ENABLE_MODULES = YES;
				CLANG_ENABLE_OBJC_ARC = YES;
				CLANG_WARN_BLOCK_CAPTURE_AUTORELEASING = YES;
				CLANG_WARN_BOOL_CONVERSION = YES;
				CLANG_WARN_COMMA = YES;
				CLANG_WARN_CONSTANT_CONVERSION = YES;
				CLANG_WARN_DIRECT_OBJC_ISA_USAGE = YES_ERROR;
				CLANG_WARN_DOCUMENTATION_COMMENTS = YES;
				CLANG_WARN_EMPTY_BODY = YES;
				CLANG_WARN_ENUM_CONVERSION = YES;
				CLANG_WARN_INFINITE_RECURSION = YES;
				CLANG_WARN_INT_CONVERSION = YES;
				CLANG_WARN_NON_LITERAL_NULL_CONVERSION = YES;
				CLANG_WARN_OBJC_LITERAL_CONVERSION = YES;
				CLANG_WARN_OBJC_ROOT_CLASS = YES_ERROR;
				CLANG_WARN_RANGE_LOOP_ANALYSIS = YES;
				CLANG_WARN_STRICT_PROTOTYPES = YES;
				CLANG_WARN_SUSPICIOUS_MOVE = YES;
				CLANG_WARN_UNGUARDED_AVAILABILITY = YES_AGGRESSIVE;
				CLANG_WARN_UNREACHABLE_CODE = YES;
				CLANG_WARN__DUPLICATE_METHOD_MATCH = YES;
				CODE_SIGN_IDENTITY = "iPhone Developer";
				COPY_PHASE_STRIP = NO;
				DEBUG_INFORMATION_FORMAT = "dwarf-with-dsym";
				ENABLE_NS_ASSERTIONS = NO;
				ENABLE_STRICT_OBJC_MSGSEND = YES;
				GCC_C_LANGUAGE_STANDARD = gnu11;
				GCC_NO_COMMON_BLOCKS = YES;
				GCC_WARN_64_TO_32_BIT_CONVERSION = YES;
				GCC_WARN_ABOUT_RETURN_TYPE = YES_ERROR;
				GCC_WARN_UNDECLARED_SELECTOR = YES;
				GCC_WARN_UNINITIALIZED_AUTOS = YES_AGGRESSIVE;
				GCC_WARN_UNUSED_FUNCTION = YES;
				GCC_WARN_UNUSED_VARIABLE = YES;
				IPHONEOS_DEPLOYMENT_TARGET = 11.2;
				MTL_ENABLE_DEBUG_INFO = NO;
				SDKROOT = iphoneos;
				SWIFT_OPTIMIZATION_LEVEL = "-Owholemodule";
				VALIDATE_PRODUCT = YES;
			};
			name = Release;
		};
		E00FA6171FB0C12900443B5B /* Debug */ = {
			isa = XCBuildConfiguration;
			buildSettings = {
				ASSETCATALOG_COMPILER_APPICON_NAME = AppIcon;
				CODE_SIGN_STYLE = Automatic;
				DEVELOPMENT_TEAM = PLLVC8APTC;
				INFOPLIST_FILE = TransitionProtorype/Info.plist;
				LD_RUNPATH_SEARCH_PATHS = "$(inherited) @executable_path/Frameworks";
				PRODUCT_BUNDLE_IDENTIFIER = "com.ru-platform.TransitionProtorype";
				PRODUCT_NAME = "$(TARGET_NAME)";
				SWIFT_VERSION = 4.0;
				TARGETED_DEVICE_FAMILY = "1,2";
			};
			name = Debug;
		};
		E00FA6181FB0C12900443B5B /* Release */ = {
			isa = XCBuildConfiguration;
			buildSettings = {
				ASSETCATALOG_COMPILER_APPICON_NAME = AppIcon;
				CODE_SIGN_STYLE = Automatic;
				DEVELOPMENT_TEAM = PLLVC8APTC;
				INFOPLIST_FILE = TransitionProtorype/Info.plist;
				LD_RUNPATH_SEARCH_PATHS = "$(inherited) @executable_path/Frameworks";
				PRODUCT_BUNDLE_IDENTIFIER = "com.ru-platform.TransitionProtorype";
				PRODUCT_NAME = "$(TARGET_NAME)";
				SWIFT_VERSION = 4.0;
				TARGETED_DEVICE_FAMILY = "1,2";
			};
			name = Release;
		};
/* End XCBuildConfiguration section */

/* Begin XCConfigurationList section */
		E00FA5FF1FB0C12900443B5B /* Build configuration list for PBXProject "TransitionProtorype" */ = {
			isa = XCConfigurationList;
			buildConfigurations = (
				E00FA6141FB0C12900443B5B /* Debug */,
				E00FA6151FB0C12900443B5B /* Release */,
			);
			defaultConfigurationIsVisible = 0;
			defaultConfigurationName = Release;
		};
		E00FA6161FB0C12900443B5B /* Build configuration list for PBXNativeTarget "TransitionProtorype" */ = {
			isa = XCConfigurationList;
			buildConfigurations = (
				E00FA6171FB0C12900443B5B /* Debug */,
				E00FA6181FB0C12900443B5B /* Release */,
			);
			defaultConfigurationIsVisible = 0;
			defaultConfigurationName = Release;
		};
/* End XCConfigurationList section */
	};
	rootObject = E00FA5FC1FB0C12900443B5B /* Project object */;
}
